
Microsoft Visual Studio Solution File, Format Version 12.00
# Visual Studio 15
VisualStudioVersion = 15.0.27004.2006
MinimumVisualStudioVersion = 10.0.40219.1
Project("{FAE04EC0-301F-11D3-BF4B-00C04F79EFBC}") = "OrderLimitApi", "OrderLimitApi\OrderLimitApi.csproj", "{007CD49F-B0ED-4384-B99D-C8D258AE2FF8}"
EndProject
Project("{FAE04EC0-301F-11D3-BF4B-00C04F79EFBC}") = "OrderLimitApi.Tests", "OrderLimitApi.Tests\OrderLimitApi.Tests.csproj", "{FE3E6B7A-62B1-46A1-B08A-346A864965C4}"
EndProject
Global
	GlobalSection(SolutionConfigurationPlatforms) = preSolution
		Debug|Any CPU = Debug|Any CPU
		Release|Any CPU = Release|Any CPU
	EndGlobalSection
	GlobalSection(ProjectConfigurationPlatforms) = postSolution
		{007CD49F-B0ED-4384-B99D-C8D258AE2FF8}.Debug|Any CPU.ActiveCfg = Debug|Any CPU
		{007CD49F-B0ED-4384-B99D-C8D258AE2FF8}.Debug|Any CPU.Build.0 = Debug|Any CPU
		{007CD49F-B0ED-4384-B99D-C8D258AE2FF8}.Release|Any CPU.ActiveCfg = Release|Any CPU
		{007CD49F-B0ED-4384-B99D-C8D258AE2FF8}.Release|Any CPU.Build.0 = Release|Any CPU
		{FE3E6B7A-62B1-46A1-B08A-346A864965C4}.Debug|Any CPU.ActiveCfg = Debug|Any CPU
		{FE3E6B7A-62B1-46A1-B08A-346A864965C4}.Debug|Any CPU.Build.0 = Debug|Any CPU
		{FE3E6B7A-62B1-46A1-B08A-346A864965C4}.Release|Any CPU.ActiveCfg = Release|Any CPU
		{FE3E6B7A-62B1-46A1-B08A-346A864965C4}.Release|Any CPU.Build.0 = Release|Any CPU
	EndGlobalSection
	GlobalSection(SolutionProperties) = preSolution
		HideSolutionNode = FALSE
	EndGlobalSection
	GlobalSection(ExtensibilityGlobals) = postSolution
		SolutionGuid = {8AABD71C-E61F-47C8-8FDC-CD331757BF43}
	EndGlobalSection
EndGlobal
